
Microsoft Visual Studio Solution File, Format Version 12.00
# Visual Studio Version 16
VisualStudioVersion = 16.0.31624.102
MinimumVisualStudioVersion = 10.0.40219.1
Project("{FAE04EC0-301F-11D3-BF4B-00C04F79EFBC}") = "Project", "Project.csproj", "{5669CEA2-8F25-471F-90BD-4FA4D0E61F3B}"
EndProject
Global
	GlobalSection(SolutionConfigurationPlatforms) = preSolution
		Debug|Any CPU = Debug|Any CPU
		Release|Any CPU = Release|Any CPU
	EndGlobalSection
	GlobalSection(ProjectConfigurationPlatforms) = postSolution
		{5669CEA2-8F25-471F-90BD-4FA4D0E61F3B}.Debug|Any CPU.ActiveCfg = Debug|Any CPU
		{5669CEA2-8F25-471F-90BD-4FA4D0E61F3B}.Debug|Any CPU.Build.0 = Debug|Any CPU
		{5669CEA2-8F25-471F-90BD-4FA4D0E61F3B}.Release|Any CPU.ActiveCfg = Release|Any CPU
		{5669CEA2-8F25-471F-90BD-4FA4D0E61F3B}.Release|Any CPU.Build.0 = Release|Any CPU
	EndGlobalSection
	GlobalSection(SolutionProperties) = preSolution
		HideSolutionNode = FALSE
	EndGlobalSection
	GlobalSection(ExtensibilityGlobals) = postSolution
		SolutionGuid = {EEF90DFF-A5ED-434A-A9C4-1FD91C25164C}
	EndGlobalSection
EndGlobal
